
Microsoft Visual Studio Solution File, Format Version 12.00
# Visual Studio 2015
Project("{FAE04EC0-301F-11D3-BF4B-00C04F79EFBC}") = "Projeto V - Taking Thunders", "Projeto V - Taking Thunders.csproj", "{CFE6F0B3-C331-93D6-E43B-4AC9BE6A1947}"
EndProject
Project("{FAE04EC0-301F-11D3-BF4B-00C04F79EFBC}") = "Projeto V - Taking Thunders.Editor", "Projeto V - Taking Thunders.Editor.csproj", "{126CE6D3-37BD-5C9A-AC62-9F48597F1289}"
EndProject
Global
	GlobalSection(SolutionConfigurationPlatforms) = preSolution
		Debug|Any CPU = Debug|Any CPU
		Release|Any CPU = Release|Any CPU
	EndGlobalSection
	GlobalSection(ProjectConfigurationPlatforms) = postSolution
		{CFE6F0B3-C331-93D6-E43B-4AC9BE6A1947}.Debug|Any CPU.ActiveCfg = Debug|Any CPU
		{CFE6F0B3-C331-93D6-E43B-4AC9BE6A1947}.Debug|Any CPU.Build.0 = Debug|Any CPU
		{CFE6F0B3-C331-93D6-E43B-4AC9BE6A1947}.Release|Any CPU.ActiveCfg = Release|Any CPU
		{CFE6F0B3-C331-93D6-E43B-4AC9BE6A1947}.Release|Any CPU.Build.0 = Release|Any CPU
		{126CE6D3-37BD-5C9A-AC62-9F48597F1289}.Debug|Any CPU.ActiveCfg = Debug|Any CPU
		{126CE6D3-37BD-5C9A-AC62-9F48597F1289}.Debug|Any CPU.Build.0 = Debug|Any CPU
		{126CE6D3-37BD-5C9A-AC62-9F48597F1289}.Release|Any CPU.ActiveCfg = Release|Any CPU
		{126CE6D3-37BD-5C9A-AC62-9F48597F1289}.Release|Any CPU.Build.0 = Release|Any CPU
	EndGlobalSection
	GlobalSection(SolutionProperties) = preSolution
		HideSolutionNode = FALSE
	EndGlobalSection
EndGlobal
